
Microsoft Visual Studio Solution File, Format Version 11.00
# Visual C# Express 2010
Project("{FAE04EC0-301F-11D3-BF4B-00C04F79EFBC}") = "Certificacao70-480.Capitulo2", "Certificacao70-480.Capitulo2\Certificacao70-480.Capitulo2.csproj", "{626EDBF1-D10E-488D-B27D-AB455469EF40}"
EndProject
Global
	GlobalSection(SolutionConfigurationPlatforms) = preSolution
		Debug|x86 = Debug|x86
		Release|x86 = Release|x86
	EndGlobalSection
	GlobalSection(ProjectConfigurationPlatforms) = postSolution
		{626EDBF1-D10E-488D-B27D-AB455469EF40}.Debug|x86.ActiveCfg = Debug|x86
		{626EDBF1-D10E-488D-B27D-AB455469EF40}.Debug|x86.Build.0 = Debug|x86
		{626EDBF1-D10E-488D-B27D-AB455469EF40}.Release|x86.ActiveCfg = Release|x86
		{626EDBF1-D10E-488D-B27D-AB455469EF40}.Release|x86.Build.0 = Release|x86
	EndGlobalSection
	GlobalSection(SolutionProperties) = preSolution
		HideSolutionNode = FALSE
	EndGlobalSection
EndGlobal
